Microsoft Visual Studio Solution File, Format Version 8.00
Project("{059D6162-CD51-11D0-AE1F-00A0C90FFFC3}") = "Splines", "splines\Splines.dsp", "{1CCC0583-5722-48DD-A8BF-6616F9CF6236}"
	ProjectSection(ProjectDependencies) = postProject
	EndProjectSection
EndProject
Project("{059D6162-CD51-11D0-AE1F-00A0C90FFFC3}") = "botlib", "botlib\botlib.dsp", "{B963D8D5-F849-41B8-BA43-61DC77400925}"
	ProjectSection(ProjectDependencies) = postProject
	EndProjectSection
EndProject
Project("{059D6162-CD51-11D0-AE1F-00A0C90FFFC3}") = "cgame", "cgame\cgame.dsp", "{C1189CF8-5BED-4BAC-BF00-AAEF0533E87B}"
	ProjectSection(ProjectDependencies) = postProject
	EndProjectSection
EndProject
Project("{059D6162-CD51-11D0-AE1F-00A0C90FFFC3}") = "game", "game\game.dsp", "{CD725975-48BA-49B2-A8AC-C811A3570BD8}"
	ProjectSection(ProjectDependencies) = postProject
	EndProjectSection
EndProject
Project("{059D6162-CD51-11D0-AE1F-00A0C90FFFC3}") = "q3_ui", "q3_ui\q3_ui.dsp", "{8AC1C87A-7539-45FD-B62E-FD1B3ACD2279}"
	ProjectSection(ProjectDependencies) = postProject
	EndProjectSection
EndProject
Project("{059D6162-CD51-11D0-AE1F-00A0C90FFFC3}") = "quake3", "quake3.dsp", "{A891D340-C317-405F-8E9C-B097F2FE3D21}"
	ProjectSection(ProjectDependencies) = postProject
	EndProjectSection
	ProjectSection(DevStudioProjDeps) = postProject
		0 = botlib
		1 = renderer
	EndProjectSection
EndProject
Project("{059D6162-CD51-11D0-AE1F-00A0C90FFFC3}") = "renderer", "renderer\renderer.dsp", "{806916D8-3E84-41D0-89E4-978A4A4AE65A}"
	ProjectSection(ProjectDependencies) = postProject
	EndProjectSection
EndProject
Project("{059D6162-CD51-11D0-AE1F-00A0C90FFFC3}") = "ui", "ui\ui.dsp", "{71F32230-95EE-489B-9FD7-76E1CAA600E8}"
	ProjectSection(ProjectDependencies) = postProject
	EndProjectSection
EndProject
Global
	GlobalSection(SolutionConfiguration) = preSolution
	EndGlobalSection
	GlobalSection(ProjectConfiguration) = postSolution
	EndGlobalSection
	GlobalSection(ExtensibilityGlobals) = postSolution
	EndGlobalSection
	GlobalSection(ExtensibilityAddIns) = postSolution
	EndGlobalSection
EndGlobal
